// !$*UTF8*$!
{
	archiveVersion = 1;
	classes = {
	};
	objectVersion = 46;
	objects = {

/* Begin PBXBuildFile section */
		1840E9D71CE56A4C003632FB /* main.m in Sources */ = {isa = PBXBuildFile; fileRef = 1840E9D61CE56A4C003632FB /* main.m */; };
		1840E9DA1CE56A4C003632FB /* AppDelegate.m in Sources */ = {isa = PBXBuildFile; fileRef = 1840E9D91CE56A4C003632FB /* AppDelegate.m */; };
		1840E9E01CE56A4C003632FB /* Main.storyboard in Resources */ = {isa = PBXBuildFile; fileRef = 1840E9DE1CE56A4C003632FB /* Main.storyboard */; };
		1840E9E21CE56A4C003632FB /* Assets.xcassets in Resources */ = {isa = PBXBuildFile; fileRef = 1840E9E11CE56A4C003632FB /* Assets.xcassets */; };
		1840E9E51CE56A4C003632FB /* LaunchScreen.storyboard in Resources */ = {isa = PBXBuildFile; fileRef = 1840E9E31CE56A4C003632FB /* LaunchScreen.storyboard */; };
		1840E9F01CE56A4C003632FB /* FlyingBirdTests.m in Sources */ = {isa = PBXBuildFile; fileRef = 1840E9EF1CE56A4C003632FB /* FlyingBirdTests.m */; };
		1840E9FB1CE56A4C003632FB /* FlyingBirdUITests.m in Sources */ = {isa = PBXBuildFile; fileRef = 1840E9FA1CE56A4C003632FB /* FlyingBirdUITests.m */; };
		1840EA0A1CE56ACB003632FB /* MainViewController.m in Sources */ = {isa = PBXBuildFile; fileRef = 1840EA091CE56ACB003632FB /* MainViewController.m */; };
		1840EA0E1CE56C10003632FB /* SoundTool.m in Sources */ = {isa = PBXBuildFile; fileRef = 1840EA0D1CE56C10003632FB /* SoundTool.m */; };
		1840EA101CE57074003632FB /* sounds.bundle in Resources */ = {isa = PBXBuildFile; fileRef = 1840EA0F1CE57074003632FB /* sounds.bundle */; };
		1840EA291CE57099003632FB /* 06.png in Resources */ = {isa = PBXBuildFile; fileRef = 1840EA121CE57099003632FB /* 06.png */; };
		1840EA2A1CE57099003632FB /* 07.png in Resources */ = {isa = PBXBuildFile; fileRef = 1840EA131CE57099003632FB /* 07.png */; };
		1840EA2B1CE57099003632FB /* 08.png in Resources */ = {isa = PBXBuildFile; fileRef = 1840EA141CE57099003632FB /* 08.png */; };
		1840EA2C1CE57099003632FB /* back.png in Resources */ = {isa = PBXBuildFile; fileRef = 1840EA151CE57099003632FB /* back.png */; };
		1840EA2D1CE57099003632FB /* bg.png in Resources */ = {isa = PBXBuildFile; fileRef = 1840EA161CE57099003632FB /* bg.png */; };
		1840EA2E1CE57099003632FB /* bird1.png in Resources */ = {isa = PBXBuildFile; fileRef = 1840EA171CE57099003632FB /* bird1.png */; };
		1840EA2F1CE57099003632FB /* bird2.png in Resources */ = {isa = PBXBuildFile; fileRef = 1840EA181CE57099003632FB /* bird2.png */; };
		1840EA301CE57099003632FB /* bird3.png in Resources */ = {isa = PBXBuildFile; fileRef = 1840EA191CE57099003632FB /* bird3.png */; };
		1840EA311CE57099003632FB /* gameover.png in Resources */ = {isa = PBXBuildFile; fileRef = 1840EA1A1CE57099003632FB /* gameover.png */; };
		1840EA321CE57099003632FB /* light.png in Resources */ = {isa = PBXBuildFile; fileRef = 1840EA1B1CE57099003632FB /* light.png */; };
		1840EA331CE57099003632FB /* main.png in Resources */ = {isa = PBXBuildFile; fileRef = 1840EA1C1CE57099003632FB /* main.png */; };
		1840EA341CE57099003632FB /* menu.png in Resources */ = {isa = PBXBuildFile; fileRef = 1840EA1D1CE57099003632FB /* menu.png */; };
		1840EA351CE57099003632FB /* night.png in Resources */ = {isa = PBXBuildFile; fileRef = 1840EA1E1CE57099003632FB /* night.png */; };
		1840EA361CE57099003632FB /* pipe.png in Resources */ = {isa = PBXBuildFile; fileRef = 1840EA1F1CE57099003632FB /* pipe.png */; };
		1840EA371CE57099003632FB /* rank.png in Resources */ = {isa = PBXBuildFile; fileRef = 1840EA201CE57099003632FB /* rank.png */; };
		1840EA381CE57099003632FB /* rate.png in Resources */ = {isa = PBXBuildFile; fileRef = 1840EA211CE57099003632FB /* rate.png */; };
		1840EA391CE57099003632FB /* ready.png in Resources */ = {isa = PBXBuildFile; fileRef = 1840EA221CE57099003632FB /* ready.png */; };
		1840EA3A1CE57099003632FB /* ready2.png in Resources */ = {isa = PBXBuildFile; fileRef = 1840EA231CE57099003632FB /* ready2.png */; };
		1840EA3B1CE57099003632FB /* restart.png in Resources */ = {isa = PBXBuildFile; fileRef = 1840EA241CE57099003632FB /* restart.png */; };
		1840EA3C1CE57099003632FB /* road.png in Resources */ = {isa = PBXBuildFile; fileRef = 1840EA251CE57099003632FB /* road.png */; };
		1840EA3D1CE57099003632FB /* score.png in Resources */ = {isa = PBXBuildFile; fileRef = 1840EA261CE57099003632FB /* score.png */; };
		1840EA3E1CE57099003632FB /* start.png in Resources */ = {isa = PBXBuildFile; fileRef = 1840EA271CE57099003632FB /* start.png */; };
		1840EA3F1CE57099003632FB /* tap.png in Resources */ = {isa = PBXBuildFile; fileRef = 1840EA281CE57099003632FB /* tap.png */; };
		1840EA421CE57180003632FB /* DataTool.m in Sources */ = {isa = PBXBuildFile; fileRef = 1840EA411CE57180003632FB /* DataTool.m */; };
/* End PBXBuildFile section */

/* Begin PBXContainerItemProxy section */
		1840E9EC1CE56A4C003632FB /* PBXContainerItemProxy */ = {
			isa = PBXContainerItemProxy;
			containerPortal = 1840E9CA1CE56A4C003632FB /* Project object */;
			proxyType = 1;
			remoteGlobalIDString = 1840E9D11CE56A4C003632FB;
			remoteInfo = FlyingBird;
		};
		1840E9F71CE56A4C003632FB /* PBXContainerItemProxy */ = {
			isa = PBXContainerItemProxy;
			containerPortal = 1840E9CA1CE56A4C003632FB /* Project object */;
			proxyType = 1;
			remoteGlobalIDString = 1840E9D11CE56A4C003632FB;
			remoteInfo = FlyingBird;
		};
/* End PBXContainerItemProxy section */

/* Begin PBXFileReference section */
		1840E9D21CE56A4C003632FB /* FlyingBird.app */ = {isa = PBXFileReference; explicitFileType = wrapper.application; includeInIndex = 0; path = FlyingBird.app; sourceTree = BUILT_PRODUCTS_DIR; };
		1840E9D61CE56A4C003632FB /* main.m */ = {isa = PBXFileReference; lastKnownFileType = sourcecode.c.objc; path = main.m; sourceTree = "<group>"; };
		1840E9D81CE56A4C003632FB /* AppDelegate.h */ = {isa = PBXFileReference; lastKnownFileType = sourcecode.c.h; path = AppDelegate.h; sourceTree = "<group>"; };
		1840E9D91CE56A4C003632FB /* AppDelegate.m */ = {isa = PBXFileReference; lastKnownFileType = sourcecode.c.objc; path = AppDelegate.m; sourceTree = "<group>"; };
		1840E9DF1CE56A4C003632FB /* Base */ = {isa = PBXFileReference; lastKnownFileType = file.storyboard; name = Base; path = Base.lproj/Main.storyboard; sourceTree = "<group>"; };
		1840E9E11CE56A4C003632FB /* Assets.xcassets */ = {isa = PBXFileReference; lastKnownFileType = folder.assetcatalog; path = Assets.xcassets; sourceTree = "<group>"; };
		1840E9E41CE56A4C003632FB /* Base */ = {isa = PBXFileReference; lastKnownFileType = file.storyboard; name = Base; path = Base.lproj/LaunchScreen.storyboard; sourceTree = "<group>"; };
		1840E9E61CE56A4C003632FB /* Info.plist */ = {isa = PBXFileReference; lastKnownFileType = text.plist.xml; path = Info.plist; sourceTree = "<group>"; };
		1840E9EB1CE56A4C003632FB /* FlyingBirdTests.xctest */ = {isa = PBXFileReference; explicitFileType = wrapper.cfbundle; includeInIndex = 0; path = FlyingBirdTests.xctest; sourceTree = BUILT_PRODUCTS_DIR; };
		1840E9EF1CE56A4C003632FB /* FlyingBirdTests.m */ = {isa = PBXFileReference; lastKnownFileType = sourcecode.c.objc; path = FlyingBirdTests.m; sourceTree = "<group>"; };
		1840E9F11CE56A4C003632FB /* Info.plist */ = {isa = PBXFileReference; lastKnownFileType = text.plist.xml; path = Info.plist; sourceTree = "<group>"; };
		1840E9F61CE56A4C003632FB /* FlyingBirdUITests.xctest */ = {isa = PBXFileReference; explicitFileType = wrapper.cfbundle; includeInIndex = 0; path = FlyingBirdUITests.xctest; sourceTree = BUILT_PRODUCTS_DIR; };
		1840E9FA1CE56A4C003632FB /* FlyingBirdUITests.m */ = {isa = PBXFileReference; lastKnownFileType = sourcecode.c.objc; path = FlyingBirdUITests.m; sourceTree = "<group>"; };
		1840E9FC1CE56A4C003632FB /* Info.plist */ = {isa = PBXFileReference; lastKnownFileType = text.plist.xml; path = Info.plist; sourceTree = "<group>"; };
		1840EA081CE56ACB003632FB /* MainViewController.h */ = {isa = PBXFileReference; fileEncoding = 4; lastKnownFileType = sourcecode.c.h; path = MainViewController.h; sourceTree = "<group>"; };
		1840EA091CE56ACB003632FB /* MainViewController.m */ = {isa = PBXFileReference; fileEncoding = 4; lastKnownFileType = sourcecode.c.objc; path = MainViewController.m; sourceTree = "<group>"; };
		1840EA0C1CE56C10003632FB /* SoundTool.h */ = {isa = PBXFileReference; fileEncoding = 4; lastKnownFileType = sourcecode.c.h; path = SoundTool.h; sourceTree = "<group>"; };
		1840EA0D1CE56C10003632FB /* SoundTool.m */ = {isa = PBXFileReference; fileEncoding = 4; lastKnownFileType = sourcecode.c.objc; path = SoundTool.m; sourceTree = "<group>"; };
		1840EA0F1CE57074003632FB /* sounds.bundle */ = {isa = PBXFileReference; lastKnownFileType = "wrapper.plug-in"; path = sounds.bundle; sourceTree = "<group>"; };
		1840EA121CE57099003632FB /* 06.png */ = {isa = PBXFileReference; lastKnownFileType = image.png; path = 06.png; sourceTree = "<group>"; };
		1840EA131CE57099003632FB /* 07.png */ = {isa = PBXFileReference; lastKnownFileType = image.png; path = 07.png; sourceTree = "<group>"; };
		1840EA141CE57099003632FB /* 08.png */ = {isa = PBXFileReference; lastKnownFileType = image.png; path = 08.png; sourceTree = "<group>"; };
		1840EA151CE57099003632FB /* back.png */ = {isa = PBXFileReference; lastKnownFileType = image.png; path = back.png; sourceTree = "<group>"; };
		1840EA161CE57099003632FB /* bg.png */ = {isa = PBXFileReference; lastKnownFileType = image.png; path = bg.png; sourceTree = "<group>"; };
		1840EA171CE57099003632FB /* bird1.png */ = {isa = PBXFileReference; lastKnownFileType = image.png; path = bird1.png; sourceTree = "<group>"; };
		1840EA181CE57099003632FB /* bird2.png */ = {isa = PBXFileReference; lastKnownFileType = image.png; path = bird2.png; sourceTree = "<group>"; };
		1840EA191CE57099003632FB /* bird3.png */ = {isa = PBXFileReference; lastKnownFileType = image.png; path = bird3.png; sourceTree = "<group>"; };
		1840EA1A1CE57099003632FB /* gameover.png */ = {isa = PBXFileReference; lastKnownFileType = image.png; path = gameover.png; sourceTree = "<group>"; };
		1840EA1B1CE57099003632FB /* light.png */ = {isa = PBXFileReference; lastKnownFileType = image.png; path = light.png; sourceTree = "<group>"; };
		1840EA1C1CE57099003632FB /* main.png */ = {isa = PBXFileReference; lastKnownFileType = image.png; path = main.png; sourceTree = "<group>"; };
		1840EA1D1CE57099003632FB /* menu.png */ = {isa = PBXFileReference; lastKnownFileType = image.png; path = menu.png; sourceTree = "<group>"; };
		1840EA1E1CE57099003632FB /* night.png */ = {isa = PBXFileReference; lastKnownFileType = image.png; path = night.png; sourceTree = "<group>"; };
		1840EA1F1CE57099003632FB /* pipe.png */ = {isa = PBXFileReference; lastKnownFileType = image.png; path = pipe.png; sourceTree = "<group>"; };
		1840EA201CE57099003632FB /* rank.png */ = {isa = PBXFileReference; lastKnownFileType = image.png; path = rank.png; sourceTree = "<group>"; };
		1840EA211CE57099003632FB /* rate.png */ = {isa = PBXFileReference; lastKnownFileType = image.png; path = rate.png; sourceTree = "<group>"; };
		1840EA221CE57099003632FB /* ready.png */ = {isa = PBXFileReference; lastKnownFileType = image.png; path = ready.png; sourceTree = "<group>"; };
		1840EA231CE57099003632FB /* ready2.png */ = {isa = PBXFileReference; lastKnownFileType = image.png; path = ready2.png; sourceTree = "<group>"; };
		1840EA241CE57099003632FB /* restart.png */ = {isa = PBXFileReference; lastKnownFileType = image.png; path = restart.png; sourceTree = "<group>"; };
		1840EA251CE57099003632FB /* road.png */ = {isa = PBXFileReference; lastKnownFileType = image.png; path = road.png; sourceTree = "<group>"; };
		1840EA261CE57099003632FB /* score.png */ = {isa = PBXFileReference; lastKnownFileType = image.png; path = score.png; sourceTree = "<group>"; };
		1840EA271CE57099003632FB /* start.png */ = {isa = PBXFileReference; lastKnownFileType = image.png; path = start.png; sourceTree = "<group>"; };
		1840EA281CE57099003632FB /* tap.png */ = {isa = PBXFileReference; lastKnownFileType = image.png; path = tap.png; sourceTree = "<group>"; };
		1840EA401CE57180003632FB /* DataTool.h */ = {isa = PBXFileReference; fileEncoding = 4; lastKnownFileType = sourcecode.c.h; path = DataTool.h; sourceTree = "<group>"; };
		1840EA411CE57180003632FB /* DataTool.m */ = {isa = PBXFileReference; fileEncoding = 4; lastKnownFileType = sourcecode.c.objc; path = DataTool.m; sourceTree = "<group>"; };
		1840EA431CE57450003632FB /* Common.h */ = {isa = PBXFileReference; lastKnownFileType = sourcecode.c.h; path = Common.h; sourceTree = "<group>"; };
/* End PBXFileReference section */

/* Begin PBXFrameworksBuildPhase section */
		1840E9CF1CE56A4C003632FB /* Frameworks */ = {
			isa = PBXFrameworksBuildPhase;
			buildActionMask = 2147483647;
			files = (
			);
			runOnlyForDeploymentPostprocessing = 0;
		};
		1840E9E81CE56A4C003632FB /* Frameworks */ = {
			isa = PBXFrameworksBuildPhase;
			buildActionMask = 2147483647;
			files = (
			);
			runOnlyForDeploymentPostprocessing = 0;
		};
		1840E9F31CE56A4C003632FB /* Frameworks */ = {
			isa = PBXFrameworksBuildPhase;
			buildActionMask = 2147483647;
			files = (
			);
			runOnlyForDeploymentPostprocessing = 0;
		};
/* End PBXFrameworksBuildPhase section */

/* Begin PBXGroup section */
		1840E9C91CE56A4C003632FB = {
			isa = PBXGroup;
			children = (
				1840E9D41CE56A4C003632FB /* FlyingBird */,
				1840E9EE1CE56A4C003632FB /* FlyingBirdTests */,
				1840E9F91CE56A4C003632FB /* FlyingBirdUITests */,
				1840E9D31CE56A4C003632FB /* Products */,
			);
			sourceTree = "<group>";
		};
		1840E9D31CE56A4C003632FB /* Products */ = {
			isa = PBXGroup;
			children = (
				1840E9D21CE56A4C003632FB /* FlyingBird.app */,
				1840E9EB1CE56A4C003632FB /* FlyingBirdTests.xctest */,
				1840E9F61CE56A4C003632FB /* FlyingBirdUITests.xctest */,
			);
			name = Products;
			sourceTree = "<group>";
		};
		1840E9D41CE56A4C003632FB /* FlyingBird */ = {
			isa = PBXGroup;
			children = (
				1840EA111CE5708D003632FB /* Resoure */,
				1840EA0F1CE57074003632FB /* sounds.bundle */,
				1840EA0B1CE56BB6003632FB /* Tool */,
				1840E9D81CE56A4C003632FB /* AppDelegate.h */,
				1840E9D91CE56A4C003632FB /* AppDelegate.m */,
				1840EA431CE57450003632FB /* Common.h */,
				1840EA081CE56ACB003632FB /* MainViewController.h */,
				1840EA091CE56ACB003632FB /* MainViewController.m */,
				1840E9DE1CE56A4C003632FB /* Main.storyboard */,
				1840E9E11CE56A4C003632FB /* Assets.xcassets */,
				1840E9E31CE56A4C003632FB /* LaunchScreen.storyboard */,
				1840E9E61CE56A4C003632FB /* Info.plist */,
				1840E9D51CE56A4C003632FB /* Supporting Files */,
			);
			path = FlyingBird;
			sourceTree = "<group>";
		};
		1840E9D51CE56A4C003632FB /* Supporting Files */ = {
			isa = PBXGroup;
			children = (
				1840E9D61CE56A4C003632FB /* main.m */,
			);
			name = "Supporting Files";
			sourceTree = "<group>";
		};
		1840E9EE1CE56A4C003632FB /* FlyingBirdTests */ = {
			isa = PBXGroup;
			children = (
				1840E9EF1CE56A4C003632FB /* FlyingBirdTests.m */,
				1840E9F11CE56A4C003632FB /* Info.plist */,
			);
			path = FlyingBirdTests;
			sourceTree = "<group>";
		};
		1840E9F91CE56A4C003632FB /* FlyingBirdUITests */ = {
			isa = PBXGroup;
			children = (
				1840E9FA1CE56A4C003632FB /* FlyingBirdUITests.m */,
				1840E9FC1CE56A4C003632FB /* Info.plist */,
			);
			path = FlyingBirdUITests;
			sourceTree = "<group>";
		};
		1840EA0B1CE56BB6003632FB /* Tool */ = {
			isa = PBXGroup;
			children = (
				1840EA0C1CE56C10003632FB /* SoundTool.h */,
				1840EA0D1CE56C10003632FB /* SoundTool.m */,
				1840EA401CE57180003632FB /* DataTool.h */,
				1840EA411CE57180003632FB /* DataTool.m */,
			);
			name = Tool;
			sourceTree = "<group>";
		};
		1840EA111CE5708D003632FB /* Resoure */ = {
			isa = PBXGroup;
			children = (
				1840EA121CE57099003632FB /* 06.png */,
				1840EA131CE57099003632FB /* 07.png */,
				1840EA141CE57099003632FB /* 08.png */,
				1840EA151CE57099003632FB /* back.png */,
				1840EA161CE57099003632FB /* bg.png */,
				1840EA171CE57099003632FB /* bird1.png */,
				1840EA181CE57099003632FB /* bird2.png */,
				1840EA191CE57099003632FB /* bird3.png */,
				1840EA1A1CE57099003632FB /* gameover.png */,
				1840EA1B1CE57099003632FB /* light.png */,
				1840EA1C1CE57099003632FB /* main.png */,
				1840EA1D1CE57099003632FB /* menu.png */,
				1840EA1E1CE57099003632FB /* night.png */,
				1840EA1F1CE57099003632FB /* pipe.png */,
				1840EA201CE57099003632FB /* rank.png */,
				1840EA211CE57099003632FB /* rate.png */,
				1840EA221CE57099003632FB /* ready.png */,
				1840EA231CE57099003632FB /* ready2.png */,
				1840EA241CE57099003632FB /* restart.png */,
				1840EA251CE57099003632FB /* road.png */,
				1840EA261CE57099003632FB /* score.png */,
				1840EA271CE57099003632FB /* start.png */,
				1840EA281CE57099003632FB /* tap.png */,
			);
			name = Resoure;
			sourceTree = "<group>";
		};
/* End PBXGroup section */

/* Begin PBXNativeTarget section */
		1840E9D11CE56A4C003632FB /* FlyingBird */ = {
			isa = PBXNativeTarget;
			buildConfigurationList = 1840E9FF1CE56A4C003632FB /* Build configuration list for PBXNativeTarget "FlyingBird" */;
			buildPhases = (
				1840E9CE1CE56A4C003632FB /* Sources */,
				1840E9CF1CE56A4C003632FB /* Frameworks */,
				1840E9D01CE56A4C003632FB /* Resources */,
			);
			buildRules = (
			);
			dependencies = (
			);
			name = FlyingBird;
			productName = FlyingBird;
			productReference = 1840E9D21CE56A4C003632FB /* FlyingBird.app */;
			productType = "com.apple.product-type.application";
		};
		1840E9EA1CE56A4C003632FB /* FlyingBirdTests */ = {
			isa = PBXNativeTarget;
			buildConfigurationList = 1840EA021CE56A4C003632FB /* Build configuration list for PBXNativeTarget "FlyingBirdTests" */;
			buildPhases = (
				1840E9E71CE56A4C003632FB /* Sources */,
				1840E9E81CE56A4C003632FB /* Frameworks */,
				1840E9E91CE56A4C003632FB /* Resources */,
			);
			buildRules = (
			);
			dependencies = (
				1840E9ED1CE56A4C003632FB /* PBXTargetDependency */,
			);
			name = FlyingBirdTests;
			productName = FlyingBirdTests;
			productReference = 1840E9EB1CE56A4C003632FB /* FlyingBirdTests.xctest */;
			productType = "com.apple.product-type.bundle.unit-test";
		};
		1840E9F51CE56A4C003632FB /* FlyingBirdUITests */ = {
			isa = PBXNativeTarget;
			buildConfigurationList = 1840EA051CE56A4C003632FB /* Build configuration list for PBXNativeTarget "FlyingBirdUITests" */;
			buildPhases = (
				1840E9F21CE56A4C003632FB /* Sources */,
				1840E9F31CE56A4C003632FB /* Frameworks */,
				1840E9F41CE56A4C003632FB /* Resources */,
			);
			buildRules = (
			);
			dependencies = (
				1840E9F81CE56A4C003632FB /* PBXTargetDependency */,
			);
			name = FlyingBirdUITests;
			productName = FlyingBirdUITests;
			productReference = 1840E9F61CE56A4C003632FB /* FlyingBirdUITests.xctest */;
			productType = "com.apple.product-type.bundle.ui-testing";
		};
/* End PBXNativeTarget section */

/* Begin PBXProject section */
		1840E9CA1CE56A4C003632FB /* Project object */ = {
			isa = PBXProject;
			attributes = {
				LastUpgradeCheck = 0720;
				ORGANIZATIONNAME = "何万牡";
				TargetAttributes = {
					1840E9D11CE56A4C003632FB = {
						CreatedOnToolsVersion = 7.2;
					};
					1840E9EA1CE56A4C003632FB = {
						CreatedOnToolsVersion = 7.2;
						TestTargetID = 1840E9D11CE56A4C003632FB;
					};
					1840E9F51CE56A4C003632FB = {
						CreatedOnToolsVersion = 7.2;
						TestTargetID = 1840E9D11CE56A4C003632FB;
					};
				};
			};
			buildConfigurationList = 1840E9CD1CE56A4C003632FB /* Build configuration list for PBXProject "FlyingBird" */;
			compatibilityVersion = "Xcode 3.2";
			developmentRegion = English;
			hasScannedForEncodings = 0;
			knownRegions = (
				en,
				Base,
			);
			mainGroup = 1840E9C91CE56A4C003632FB;
			productRefGroup = 1840E9D31CE56A4C003632FB /* Products */;
			projectDirPath = "";
			projectRoot = "";
			targets = (
				1840E9D11CE56A4C003632FB /* FlyingBird */,
				1840E9EA1CE56A4C003632FB /* FlyingBirdTests */,
				1840E9F51CE56A4C003632FB /* FlyingBirdUITests */,
			);
		};
/* End PBXProject section */

/* Begin PBXResourcesBuildPhase section */
		1840E9D01CE56A4C003632FB /* Resources */ = {
			isa = PBXResourcesBuildPhase;
			buildActionMask = 2147483647;
			files = (
				1840EA341CE57099003632FB /* menu.png in Resources */,
				1840EA321CE57099003632FB /* light.png in Resources */,
				1840EA2E1CE57099003632FB /* bird1.png in Resources */,
				1840EA2A1CE57099003632FB /* 07.png in Resources */,
				1840EA291CE57099003632FB /* 06.png in Resources */,
				1840EA2D1CE57099003632FB /* bg.png in Resources */,
				1840EA351CE57099003632FB /* night.png in Resources */,
				1840E9E51CE56A4C003632FB /* LaunchScreen.storyboard in Resources */,
				1840EA2F1CE57099003632FB /* bird2.png in Resources */,
				1840EA101CE57074003632FB /* sounds.bundle in Resources */,
				1840EA2C1CE57099003632FB /* back.png in Resources */,
				1840EA381CE57099003632FB /* rate.png in Resources */,
				1840EA3F1CE57099003632FB /* tap.png in Resources */,
				1840EA3E1CE57099003632FB /* start.png in Resources */,
				1840EA3B1CE57099003632FB /* restart.png in Resources */,
				1840EA361CE57099003632FB /* pipe.png in Resources */,
				1840EA391CE57099003632FB /* ready.png in Resources */,
				1840EA371CE57099003632FB /* rank.png in Resources */,
				1840EA311CE57099003632FB /* gameover.png in Resources */,
				1840EA3C1CE57099003632FB /* road.png in Resources */,
				1840EA3A1CE57099003632FB /* ready2.png in Resources */,
				1840EA301CE57099003632FB /* bird3.png in Resources */,
				1840EA331CE57099003632FB /* main.png in Resources */,
				1840E9E21CE56A4C003632FB /* Assets.xcassets in Resources */,
				1840EA3D1CE57099003632FB /* score.png in Resources */,
				1840E9E01CE56A4C003632FB /* Main.storyboard in Resources */,
				1840EA2B1CE57099003632FB /* 08.png in Resources */,
			);
			runOnlyForDeploymentPostprocessing = 0;
		};
		1840E9E91CE56A4C003632FB /* Resources */ = {
			isa = PBXResourcesBuildPhase;
			buildActionMask = 2147483647;
			files = (
			);
			runOnlyForDeploymentPostprocessing = 0;
		};
		1840E9F41CE56A4C003632FB /* Resources */ = {
			isa = PBXResourcesBuildPhase;
			buildActionMask = 2147483647;
			files = (
			);
			runOnlyForDeploymentPostprocessing = 0;
		};
/* End PBXResourcesBuildPhase section */

/* Begin PBXSourcesBuildPhase section */
		1840E9CE1CE56A4C003632FB /* Sources */ = {
			isa = PBXSourcesBuildPhase;
			buildActionMask = 2147483647;
			files = (
				1840E9DA1CE56A4C003632FB /* AppDelegate.m in Sources */,
				1840EA421CE57180003632FB /* DataTool.m in Sources */,
				1840EA0E1CE56C10003632FB /* SoundTool.m in Sources */,
				1840EA0A1CE56ACB003632FB /* MainViewController.m in Sources */,
				1840E9D71CE56A4C003632FB /* main.m in Sources */,
			);
			runOnlyForDeploymentPostprocessing = 0;
		};
		1840E9E71CE56A4C003632FB /* Sources */ = {
			isa = PBXSourcesBuildPhase;
			buildActionMask = 2147483647;
			files = (
				1840E9F01CE56A4C003632FB /* FlyingBirdTests.m in Sources */,
			);
			runOnlyForDeploymentPostprocessing = 0;
		};
		1840E9F21CE56A4C003632FB /* Sources */ = {
			isa = PBXSourcesBuildPhase;
			buildActionMask = 2147483647;
			files = (
				1840E9FB1CE56A4C003632FB /* FlyingBirdUITests.m in Sources */,
			);
			runOnlyForDeploymentPostprocessing = 0;
		};
/* End PBXSourcesBuildPhase section */

/* Begin PBXTargetDependency section */
		1840E9ED1CE56A4C003632FB /* PBXTargetDependency */ = {
			isa = PBXTargetDependency;
			target = 1840E9D11CE56A4C003632FB /* FlyingBird */;
			targetProxy = 1840E9EC1CE56A4C003632FB /* PBXContainerItemProxy */;
		};
		1840E9F81CE56A4C003632FB /* PBXTargetDependency */ = {
			isa = PBXTargetDependency;
			target = 1840E9D11CE56A4C003632FB /* FlyingBird */;
			targetProxy = 1840E9F71CE56A4C003632FB /* PBXContainerItemProxy */;
		};
/* End PBXTargetDependency section */

/* Begin PBXVariantGroup section */
		1840E9DE1CE56A4C003632FB /* Main.storyboard */ = {
			isa = PBXVariantGroup;
			children = (
				1840E9DF1CE56A4C003632FB /* Base */,
			);
			name = Main.storyboard;
			sourceTree = "<group>";
		};
		1840E9E31CE56A4C003632FB /* LaunchScreen.storyboard */ = {
			isa = PBXVariantGroup;
			children = (
				1840E9E41CE56A4C003632FB /* Base */,
			);
			name = LaunchScreen.storyboard;
			sourceTree = "<group>";
		};
/* End PBXVariantGroup section */

/* Begin XCBuildConfiguration section */
		1840E9FD1CE56A4C003632FB /* Debug */ = {
			isa = XCBuildConfiguration;
			buildSettings = {
				ALWAYS_SEARCH_USER_PATHS = NO;
				CLANG_CXX_LANGUAGE_STANDARD = "gnu++0x";
				CLANG_CXX_LIBRARY = "libc++";
				CLANG_ENABLE_MODULES = YES;
				CLANG_ENABLE_OBJC_ARC = YES;
				CLANG_WARN_BOOL_CONVERSION = YES;
				CLANG_WARN_CONSTANT_CONVERSION = YES;
				CLANG_WARN_DIRECT_OBJC_ISA_USAGE = YES_ERROR;
				CLANG_WARN_EMPTY_BODY = YES;
				CLANG_WARN_ENUM_CONVERSION = YES;
				CLANG_WARN_INT_CONVERSION = YES;
				CLANG_WARN_OBJC_ROOT_CLASS = YES_ERROR;
				CLANG_WARN_UNREACHABLE_CODE = YES;
				CLANG_WARN__DUPLICATE_METHOD_MATCH = YES;
				"CODE_SIGN_IDENTITY[sdk=iphoneos*]" = "iPhone Developer";
				COPY_PHASE_STRIP = NO;
				DEBUG_INFORMATION_FORMAT = dwarf;
				ENABLE_STRICT_OBJC_MSGSEND = YES;
				ENABLE_TESTABILITY = YES;
				GCC_C_LANGUAGE_STANDARD = gnu99;
				GCC_DYNAMIC_NO_PIC = NO;
				GCC_NO_COMMON_BLOCKS = YES;
				GCC_OPTIMIZATION_LEVEL = 0;
				GCC_PREPROCESSOR_DEFINITIONS = (
					"DEBUG=1",
					"$(inherited)",
				);
				GCC_WARN_64_TO_32_BIT_CONVERSION = YES;
				GCC_WARN_ABOUT_RETURN_TYPE = YES_ERROR;
				GCC_WARN_UNDECLARED_SELECTOR = YES;
				GCC_WARN_UNINITIALIZED_AUTOS = YES_AGGRESSIVE;
				GCC_WARN_UNUSED_FUNCTION = YES;
				GCC_WARN_UNUSED_VARIABLE = YES;
				IPHONEOS_DEPLOYMENT_TARGET = 9.2;
				MTL_ENABLE_DEBUG_INFO = YES;
				ONLY_ACTIVE_ARCH = YES;
				SDKROOT = iphoneos;
			};
			name = Debug;
		};
		1840E9FE1CE56A4C003632FB /* Release */ = {
			isa = XCBuildConfiguration;
			buildSettings = {
				ALWAYS_SEARCH_USER_PATHS = NO;
				CLANG_CXX_LANGUAGE_STANDARD = "gnu++0x";
				CLANG_CXX_LIBRARY = "libc++";
				CLANG_ENABLE_MODULES = YES;
				CLANG_ENABLE_OBJC_ARC = YES;
				CLANG_WARN_BOOL_CONVERSION = YES;
				CLANG_WARN_CONSTANT_CONVERSION = YES;
				CLANG_WARN_DIRECT_OBJC_ISA_USAGE = YES_ERROR;
				CLANG_WARN_EMPTY_BODY = YES;
				CLANG_WARN_ENUM_CONVERSION = YES;
				CLANG_WARN_INT_CONVERSION = YES;
				CLANG_WARN_OBJC_ROOT_CLASS = YES_ERROR;
				CLANG_WARN_UNREACHABLE_CODE = YES;
				CLANG_WARN__DUPLICATE_METHOD_MATCH = YES;
				"CODE_SIGN_IDENTITY[sdk=iphoneos*]" = "iPhone Developer";
				COPY_PHASE_STRIP = NO;
				DEBUG_INFORMATION_FORMAT = "dwarf-with-dsym";
				ENABLE_NS_ASSERTIONS = NO;
				ENABLE_STRICT_OBJC_MSGSEND = YES;
				GCC_C_LANGUAGE_STANDARD = gnu99;
				GCC_NO_COMMON_BLOCKS = YES;
				GCC_WARN_64_TO_32_BIT_CONVERSION = YES;
				GCC_WARN_ABOUT_RETURN_TYPE = YES_ERROR;
				GCC_WARN_UNDECLARED_SELECTOR = YES;
				GCC_WARN_UNINITIALIZED_AUTOS = YES_AGGRESSIVE;
				GCC_WARN_UNUSED_FUNCTION = YES;
				GCC_WARN_UNUSED_VARIABLE = YES;
				IPHONEOS_DEPLOYMENT_TARGET = 9.2;
				MTL_ENABLE_DEBUG_INFO = NO;
				SDKROOT = iphoneos;
				VALIDATE_PRODUCT = YES;
			};
			name = Release;
		};
		1840EA001CE56A4C003632FB /* Debug */ = {
			isa = XCBuildConfiguration;
			buildSettings = {
				ASSETCATALOG_COMPILER_APPICON_NAME = AppIcon;
				INFOPLIST_FILE = FlyingBird/Info.plist;
				IPHONEOS_DEPLOYMENT_TARGET = 8.0;
				LD_RUNPATH_SEARCH_PATHS = "$(inherited) @executable_path/Frameworks";
				PRODUCT_BUNDLE_IDENTIFIER = yiyuangou.FlyingBird;
				PRODUCT_NAME = "$(TARGET_NAME)";
			};
			name = Debug;
		};
		1840EA011CE56A4C003632FB /* Release */ = {
			isa = XCBuildConfiguration;
			buildSettings = {
				ASSETCATALOG_COMPILER_APPICON_NAME = AppIcon;
				INFOPLIST_FILE = FlyingBird/Info.plist;
				IPHONEOS_DEPLOYMENT_TARGET = 8.0;
				LD_RUNPATH_SEARCH_PATHS = "$(inherited) @executable_path/Frameworks";
				PRODUCT_BUNDLE_IDENTIFIER = yiyuangou.FlyingBird;
				PRODUCT_NAME = "$(TARGET_NAME)";
			};
			name = Release;
		};
		1840EA031CE56A4C003632FB /* Debug */ = {
			isa = XCBuildConfiguration;
			buildSettings = {
				BUNDLE_LOADER = "$(TEST_HOST)";
				INFOPLIST_FILE = FlyingBirdTests/Info.plist;
				LD_RUNPATH_SEARCH_PATHS = "$(inherited) @executable_path/Frameworks @loader_path/Frameworks";
				PRODUCT_BUNDLE_IDENTIFIER = yiyuangou.FlyingBirdTests;
				PRODUCT_NAME = "$(TARGET_NAME)";
				TEST_HOST = "$(BUILT_PRODUCTS_DIR)/FlyingBird.app/FlyingBird";
			};
			name = Debug;
		};
		1840EA041CE56A4C003632FB /* Release */ = {
			isa = XCBuildConfiguration;
			buildSettings = {
				BUNDLE_LOADER = "$(TEST_HOST)";
				INFOPLIST_FILE = FlyingBirdTests/Info.plist;
				LD_RUNPATH_SEARCH_PATHS = "$(inherited) @executable_path/Frameworks @loader_path/Frameworks";
				PRODUCT_BUNDLE_IDENTIFIER = yiyuangou.FlyingBirdTests;
				PRODUCT_NAME = "$(TARGET_NAME)";
				TEST_HOST = "$(BUILT_PRODUCTS_DIR)/FlyingBird.app/FlyingBird";
			};
			name = Release;
		};
		1840EA061CE56A4C003632FB /* Debug */ = {
			isa = XCBuildConfiguration;
			buildSettings = {
				INFOPLIST_FILE = FlyingBirdUITests/Info.plist;
				LD_RUNPATH_SEARCH_PATHS = "$(inherited) @executable_path/Frameworks @loader_path/Frameworks";
				PRODUCT_BUNDLE_IDENTIFIER = yiyuangou.FlyingBirdUITests;
				PRODUCT_NAME = "$(TARGET_NAME)";
				TEST_TARGET_NAME = FlyingBird;
				USES_XCTRUNNER = YES;
			};
			name = Debug;
		};
		1840EA071CE56A4C003632FB /* Release */ = {
			isa = XCBuildConfiguration;
			buildSettings = {
				INFOPLIST_FILE = FlyingBirdUITests/Info.plist;
				LD_RUNPATH_SEARCH_PATHS = "$(inherited) @executable_path/Frameworks @loader_path/Frameworks";
				PRODUCT_BUNDLE_IDENTIFIER = yiyuangou.FlyingBirdUITests;
				PRODUCT_NAME = "$(TARGET_NAME)";
				TEST_TARGET_NAME = FlyingBird;
				USES_XCTRUNNER = YES;
			};
			name = Release;
		};
/* End XCBuildConfiguration section */

/* Begin XCConfigurationList section */
		1840E9CD1CE56A4C003632FB /* Build configuration list for PBXProject "FlyingBird" */ = {
			isa = XCConfigurationList;
			buildConfigurations = (
				1840E9FD1CE56A4C003632FB /* Debug */,
				1840E9FE1CE56A4C003632FB /* Release */,
			);
			defaultConfigurationIsVisible = 0;
			defaultConfigurationName = Release;
		};
		1840E9FF1CE56A4C003632FB /* Build configuration list for PBXNativeTarget "FlyingBird" */ = {
			isa = XCConfigurationList;
			buildConfigurations = (
				1840EA001CE56A4C003632FB /* Debug */,
				1840EA011CE56A4C003632FB /* Release */,
			);
			defaultConfigurationIsVisible = 0;
		};
		1840EA021CE56A4C003632FB /* Build configuration list for PBXNativeTarget "FlyingBirdTests" */ = {
			isa = XCConfigurationList;
			buildConfigurations = (
				1840EA031CE56A4C003632FB /* Debug */,
				1840EA041CE56A4C003632FB /* Release */,
			);
			defaultConfigurationIsVisible = 0;
		};
		1840EA051CE56A4C003632FB /* Build configuration list for PBXNativeTarget "FlyingBirdUITests" */ = {
			isa = XCConfigurationList;
			buildConfigurations = (
				1840EA061CE56A4C003632FB /* Debug */,
				1840EA071CE56A4C003632FB /* Release */,
			);
			defaultConfigurationIsVisible = 0;
		};
/* End XCConfigurationList section */
	};
	rootObject = 1840E9CA1CE56A4C003632FB /* Project object */;
}
